schema: '2.0'
stages:
  train:
    cmd: python -m src.train
    deps:
    - path: src/data/penguins.csv
      hash: md5
      md5: 8889e0157c6730a9c051417f6c6beeca
      size: 16735
    - path: src/data_loader.py
      hash: md5
      md5: 65f3ff73290d20bdb79255fc95feac60
      size: 1008
    - path: src/features.py
      hash: md5
      md5: 6a6427dd3a6fa6b76d4654b02fdcf104
      size: 2548
    - path: src/train.py
      hash: md5
      md5: 5ef0f5ac6f290be8fa49faddb118668b
      size: 8704
    outs:
    - path: model_artifacts/feature_names.json
      hash: md5
      md5: 48d48117bf85db1b78760beb9dfe2900
      size: 178
    - path: model_artifacts/model_metadata.json
      hash: md5
      md5: 617f07ba71b703198d3993ae8c711b27
      size: 2757
    - path: model_artifacts/penguin_classifier_model.skops
      hash: md5
      md5: 5321a9a399deb7ce2e694e12ae98fa1c
      size: 124469
    - path: model_artifacts/test_predictions.csv
      hash: md5
      md5: ac76a768f250cec32b07abc9968bc1cf
      size: 2045
  evaluate:
    cmd: python -m src.evaluate
    deps:
    - path: model_artifacts/penguin_classifier_model.skops
      hash: md5
      md5: 5321a9a399deb7ce2e694e12ae98fa1c
      size: 124469
    - path: src/data/penguins.csv
      hash: md5
      md5: 8889e0157c6730a9c051417f6c6beeca
      size: 16735
    - path: src/data_loader.py
      hash: md5
      md5: 65f3ff73290d20bdb79255fc95feac60
      size: 1008
    - path: src/evaluate.py
      hash: md5
      md5: 5bf73b6d75449b75aa8574553c7059ad
      size: 1893
    outs:
    - path: model_artifacts/metrics.json
      hash: md5
      md5: a1fb345894d93fab085c9a366a9bc80e
      size: 695
